
Microsoft Visual Studio Solution File, Format Version 12.00
# Visual Studio 15
VisualStudioVersion = 15.0.28307.705
MinimumVisualStudioVersion = 10.0.40219.1
Project("{FAE04EC0-301F-11D3-BF4B-00C04F79EFBC}") = "Refactoring", "refactoring\Refactoring.csproj", "{86DB4F8F-8DBE-4C99-80EB-85C373BF01B7}"
EndProject
Project("{FAE04EC0-301F-11D3-BF4B-00C04F79EFBC}") = "Refactoring.Tests", "..\Refactoring.Tests\Refactoring.Tests.csproj", "{6AE28C80-FD19-4C31-BE78-889C76C84123}"
EndProject
Global
	GlobalSection(SolutionConfigurationPlatforms) = preSolution
		Debug|Any CPU = Debug|Any CPU
		Release|Any CPU = Release|Any CPU
	EndGlobalSection
	GlobalSection(ProjectConfigurationPlatforms) = postSolution
		{86DB4F8F-8DBE-4C99-80EB-85C373BF01B7}.Debug|Any CPU.ActiveCfg = Debug|Any CPU
		{86DB4F8F-8DBE-4C99-80EB-85C373BF01B7}.Debug|Any CPU.Build.0 = Debug|Any CPU
		{86DB4F8F-8DBE-4C99-80EB-85C373BF01B7}.Release|Any CPU.ActiveCfg = Release|Any CPU
		{86DB4F8F-8DBE-4C99-80EB-85C373BF01B7}.Release|Any CPU.Build.0 = Release|Any CPU
		{6AE28C80-FD19-4C31-BE78-889C76C84123}.Debug|Any CPU.ActiveCfg = Debug|Any CPU
		{6AE28C80-FD19-4C31-BE78-889C76C84123}.Debug|Any CPU.Build.0 = Debug|Any CPU
		{6AE28C80-FD19-4C31-BE78-889C76C84123}.Release|Any CPU.ActiveCfg = Release|Any CPU
		{6AE28C80-FD19-4C31-BE78-889C76C84123}.Release|Any CPU.Build.0 = Release|Any CPU
	EndGlobalSection
	GlobalSection(SolutionProperties) = preSolution
		HideSolutionNode = FALSE
	EndGlobalSection
	GlobalSection(ExtensibilityGlobals) = postSolution
		SolutionGuid = {E0C5A502-8435-4B07-9BF0-AA0464933038}
	EndGlobalSection
EndGlobal
